// !$*UTF8*$!
{
	archiveVersion = 1;
	classes = {
	};
	objectVersion = 46;
	objects = {

/* Begin PBXBuildFile section */
		61B7984C1B00597500ED2887 /* AppDelegate.swift in Sources */ = {isa = PBXBuildFile; fileRef = 61B7984B1B00597500ED2887 /* AppDelegate.swift */; };
		61B7984F1B00597500ED2887 /* CoreDataDemo.xcdatamodeld in Sources */ = {isa = PBXBuildFile; fileRef = 61B7984D1B00597500ED2887 /* CoreDataDemo.xcdatamodeld */; };
		61B798511B00597500ED2887 /* ViewController.swift in Sources */ = {isa = PBXBuildFile; fileRef = 61B798501B00597500ED2887 /* ViewController.swift */; };
		61B798541B00597500ED2887 /* Main.storyboard in Resources */ = {isa = PBXBuildFile; fileRef = 61B798521B00597500ED2887 /* Main.storyboard */; };
		61B798561B00597500ED2887 /* Images.xcassets in Resources */ = {isa = PBXBuildFile; fileRef = 61B798551B00597500ED2887 /* Images.xcassets */; };
		61B798591B00597500ED2887 /* LaunchScreen.xib in Resources */ = {isa = PBXBuildFile; fileRef = 61B798571B00597500ED2887 /* LaunchScreen.xib */; };
		61B798651B00597500ED2887 /* CoreDataDemoTests.swift in Sources */ = {isa = PBXBuildFile; fileRef = 61B798641B00597500ED2887 /* CoreDataDemoTests.swift */; };
/* End PBXBuildFile section */

/* Begin PBXContainerItemProxy section */
		61B7985F1B00597500ED2887 /* PBXContainerItemProxy */ = {
			isa = PBXContainerItemProxy;
			containerPortal = 61B7983E1B00597500ED2887 /* Project object */;
			proxyType = 1;
			remoteGlobalIDString = 61B798451B00597500ED2887;
			remoteInfo = CoreDataDemo;
		};
/* End PBXContainerItemProxy section */

/* Begin PBXFileReference section */
		61B798461B00597500ED2887 /* CoreDataDemo.app */ = {isa = PBXFileReference; explicitFileType = wrapper.application; includeInIndex = 0; path = CoreDataDemo.app; sourceTree = BUILT_PRODUCTS_DIR; };
		61B7984A1B00597500ED2887 /* Info.plist */ = {isa = PBXFileReference; lastKnownFileType = text.plist.xml; path = Info.plist; sourceTree = "<group>"; };
		61B7984B1B00597500ED2887 /* AppDelegate.swift */ = {isa = PBXFileReference; lastKnownFileType = sourcecode.swift; path = AppDelegate.swift; sourceTree = "<group>"; };
		61B7984E1B00597500ED2887 /* CoreDataDemo.xcdatamodel */ = {isa = PBXFileReference; lastKnownFileType = wrapper.xcdatamodel; path = CoreDataDemo.xcdatamodel; sourceTree = "<group>"; };
		61B798501B00597500ED2887 /* ViewController.swift */ = {isa = PBXFileReference; lastKnownFileType = sourcecode.swift; path = ViewController.swift; sourceTree = "<group>"; };
		61B798531B00597500ED2887 /* Base */ = {isa = PBXFileReference; lastKnownFileType = file.storyboard; name = Base; path = Base.lproj/Main.storyboard; sourceTree = "<group>"; };
		61B798551B00597500ED2887 /* Images.xcassets */ = {isa = PBXFileReference; lastKnownFileType = folder.assetcatalog; path = Images.xcassets; sourceTree = "<group>"; };
		61B798581B00597500ED2887 /* Base */ = {isa = PBXFileReference; lastKnownFileType = file.xib; name = Base; path = Base.lproj/LaunchScreen.xib; sourceTree = "<group>"; };
		61B7985E1B00597500ED2887 /* CoreDataDemoTests.xctest */ = {isa = PBXFileReference; explicitFileType = wrapper.cfbundle; includeInIndex = 0; path = CoreDataDemoTests.xctest; sourceTree = BUILT_PRODUCTS_DIR; };
		61B798631B00597500ED2887 /* Info.plist */ = {isa = PBXFileReference; lastKnownFileType = text.plist.xml; path = Info.plist; sourceTree = "<group>"; };
		61B798641B00597500ED2887 /* CoreDataDemoTests.swift */ = {isa = PBXFileReference; lastKnownFileType = sourcecode.swift; path = CoreDataDemoTests.swift; sourceTree = "<group>"; };
/* End PBXFileReference section */

/* Begin PBXFrameworksBuildPhase section */
		61B798431B00597500ED2887 /* Frameworks */ = {
			isa = PBXFrameworksBuildPhase;
			buildActionMask = 2147483647;
			files = (
			);
			runOnlyForDeploymentPostprocessing = 0;
		};
		61B7985B1B00597500ED2887 /* Frameworks */ = {
			isa = PBXFrameworksBuildPhase;
			buildActionMask = 2147483647;
			files = (
			);
			runOnlyForDeploymentPostprocessing = 0;
		};
/* End PBXFrameworksBuildPhase section */

/* Begin PBXGroup section */
		61B7983D1B00597500ED2887 = {
			isa = PBXGroup;
			children = (
				61B798481B00597500ED2887 /* CoreDataDemo */,
				61B798611B00597500ED2887 /* CoreDataDemoTests */,
				61B798471B00597500ED2887 /* Products */,
			);
			sourceTree = "<group>";
		};
		61B798471B00597500ED2887 /* Products */ = {
			isa = PBXGroup;
			children = (
				61B798461B00597500ED2887 /* CoreDataDemo.app */,
				61B7985E1B00597500ED2887 /* CoreDataDemoTests.xctest */,
			);
			name = Products;
			sourceTree = "<group>";
		};
		61B798481B00597500ED2887 /* CoreDataDemo */ = {
			isa = PBXGroup;
			children = (
				61B7984B1B00597500ED2887 /* AppDelegate.swift */,
				61B798501B00597500ED2887 /* ViewController.swift */,
				61B798521B00597500ED2887 /* Main.storyboard */,
				61B798551B00597500ED2887 /* Images.xcassets */,
				61B798571B00597500ED2887 /* LaunchScreen.xib */,
				61B7984D1B00597500ED2887 /* CoreDataDemo.xcdatamodeld */,
				61B798491B00597500ED2887 /* Supporting Files */,
			);
			path = CoreDataDemo;
			sourceTree = "<group>";
		};
		61B798491B00597500ED2887 /* Supporting Files */ = {
			isa = PBXGroup;
			children = (
				61B7984A1B00597500ED2887 /* Info.plist */,
			);
			name = "Supporting Files";
			sourceTree = "<group>";
		};
		61B798611B00597500ED2887 /* CoreDataDemoTests */ = {
			isa = PBXGroup;
			children = (
				61B798641B00597500ED2887 /* CoreDataDemoTests.swift */,
				61B798621B00597500ED2887 /* Supporting Files */,
			);
			path = CoreDataDemoTests;
			sourceTree = "<group>";
		};
		61B798621B00597500ED2887 /* Supporting Files */ = {
			isa = PBXGroup;
			children = (
				61B798631B00597500ED2887 /* Info.plist */,
			);
			name = "Supporting Files";
			sourceTree = "<group>";
		};
/* End PBXGroup section */

/* Begin PBXNativeTarget section */
		61B798451B00597500ED2887 /* CoreDataDemo */ = {
			isa = PBXNativeTarget;
			buildConfigurationList = 61B798681B00597500ED2887 /* Build configuration list for PBXNativeTarget "CoreDataDemo" */;
			buildPhases = (
				61B798421B00597500ED2887 /* Sources */,
				61B798431B00597500ED2887 /* Frameworks */,
				61B798441B00597500ED2887 /* Resources */,
			);
			buildRules = (
			);
			dependencies = (
			);
			name = CoreDataDemo;
			productName = CoreDataDemo;
			productReference = 61B798461B00597500ED2887 /* CoreDataDemo.app */;
			productType = "com.apple.product-type.application";
		};
		61B7985D1B00597500ED2887 /* CoreDataDemoTests */ = {
			isa = PBXNativeTarget;
			buildConfigurationList = 61B7986B1B00597500ED2887 /* Build configuration list for PBXNativeTarget "CoreDataDemoTests" */;
			buildPhases = (
				61B7985A1B00597500ED2887 /* Sources */,
				61B7985B1B00597500ED2887 /* Frameworks */,
				61B7985C1B00597500ED2887 /* Resources */,
			);
			buildRules = (
			);
			dependencies = (
				61B798601B00597500ED2887 /* PBXTargetDependency */,
			);
			name = CoreDataDemoTests;
			productName = CoreDataDemoTests;
			productReference = 61B7985E1B00597500ED2887 /* CoreDataDemoTests.xctest */;
			productType = "com.apple.product-type.bundle.unit-test";
		};
/* End PBXNativeTarget section */

/* Begin PBXProject section */
		61B7983E1B00597500ED2887 /* Project object */ = {
			isa = PBXProject;
			attributes = {
				LastUpgradeCheck = 0630;
				ORGANIZATIONNAME = "Macbook Pro MD102";
				TargetAttributes = {
					61B798451B00597500ED2887 = {
						CreatedOnToolsVersion = 6.3;
					};
					61B7985D1B00597500ED2887 = {
						CreatedOnToolsVersion = 6.3;
						TestTargetID = 61B798451B00597500ED2887;
					};
				};
			};
			buildConfigurationList = 61B798411B00597500ED2887 /* Build configuration list for PBXProject "CoreDataDemo" */;
			compatibilityVersion = "Xcode 3.2";
			developmentRegion = English;
			hasScannedForEncodings = 0;
			knownRegions = (
				en,
				Base,
			);
			mainGroup = 61B7983D1B00597500ED2887;
			productRefGroup = 61B798471B00597500ED2887 /* Products */;
			projectDirPath = "";
			projectRoot = "";
			targets = (
				61B798451B00597500ED2887 /* CoreDataDemo */,
				61B7985D1B00597500ED2887 /* CoreDataDemoTests */,
			);
		};
/* End PBXProject section */

/* Begin PBXResourcesBuildPhase section */
		61B798441B00597500ED2887 /* Resources */ = {
			isa = PBXResourcesBuildPhase;
			buildActionMask = 2147483647;
			files = (
				61B798541B00597500ED2887 /* Main.storyboard in Resources */,
				61B798591B00597500ED2887 /* LaunchScreen.xib in Resources */,
				61B798561B00597500ED2887 /* Images.xcassets in Resources */,
			);
			runOnlyForDeploymentPostprocessing = 0;
		};
		61B7985C1B00597500ED2887 /* Resources */ = {
			isa = PBXResourcesBuildPhase;
			buildActionMask = 2147483647;
			files = (
			);
			runOnlyForDeploymentPostprocessing = 0;
		};
/* End PBXResourcesBuildPhase section */

/* Begin PBXSourcesBuildPhase section */
		61B798421B00597500ED2887 /* Sources */ = {
			isa = PBXSourcesBuildPhase;
			buildActionMask = 2147483647;
			files = (
				61B798511B00597500ED2887 /* ViewController.swift in Sources */,
				61B7984C1B00597500ED2887 /* AppDelegate.swift in Sources */,
				61B7984F1B00597500ED2887 /* CoreDataDemo.xcdatamodeld in Sources */,
			);
			runOnlyForDeploymentPostprocessing = 0;
		};
		61B7985A1B00597500ED2887 /* Sources */ = {
			isa = PBXSourcesBuildPhase;
			buildActionMask = 2147483647;
			files = (
				61B798651B00597500ED2887 /* CoreDataDemoTests.swift in Sources */,
			);
			runOnlyForDeploymentPostprocessing = 0;
		};
/* End PBXSourcesBuildPhase section */

/* Begin PBXTargetDependency section */
		61B798601B00597500ED2887 /* PBXTargetDependency */ = {
			isa = PBXTargetDependency;
			target = 61B798451B00597500ED2887 /* CoreDataDemo */;
			targetProxy = 61B7985F1B00597500ED2887 /* PBXContainerItemProxy */;
		};
/* End PBXTargetDependency section */

/* Begin PBXVariantGroup section */
		61B798521B00597500ED2887 /* Main.storyboard */ = {
			isa = PBXVariantGroup;
			children = (
				61B798531B00597500ED2887 /* Base */,
			);
			name = Main.storyboard;
			sourceTree = "<group>";
		};
		61B798571B00597500ED2887 /* LaunchScreen.xib */ = {
			isa = PBXVariantGroup;
			children = (
				61B798581B00597500ED2887 /* Base */,
			);
			name = LaunchScreen.xib;
			sourceTree = "<group>";
		};
/* End PBXVariantGroup section */

/* Begin XCBuildConfiguration section */
		61B798661B00597500ED2887 /* Debug */ = {
			isa = XCBuildConfiguration;
			buildSettings = {
				ALWAYS_SEARCH_USER_PATHS = NO;
				CLANG_CXX_LANGUAGE_STANDARD = "gnu++0x";
				CLANG_CXX_LIBRARY = "libc++";
				CLANG_ENABLE_MODULES = YES;
				CLANG_ENABLE_OBJC_ARC = YES;
				CLANG_WARN_BOOL_CONVERSION = YES;
				CLANG_WARN_CONSTANT_CONVERSION = YES;
				CLANG_WARN_DIRECT_OBJC_ISA_USAGE = YES_ERROR;
				CLANG_WARN_EMPTY_BODY = YES;
				CLANG_WARN_ENUM_CONVERSION = YES;
				CLANG_WARN_INT_CONVERSION = YES;
				CLANG_WARN_OBJC_ROOT_CLASS = YES_ERROR;
				CLANG_WARN_UNREACHABLE_CODE = YES;
				CLANG_WARN__DUPLICATE_METHOD_MATCH = YES;
				"CODE_SIGN_IDENTITY[sdk=iphoneos*]" = "iPhone Developer";
				COPY_PHASE_STRIP = NO;
				DEBUG_INFORMATION_FORMAT = "dwarf-with-dsym";
				ENABLE_STRICT_OBJC_MSGSEND = YES;
				GCC_C_LANGUAGE_STANDARD = gnu99;
				GCC_DYNAMIC_NO_PIC = NO;
				GCC_NO_COMMON_BLOCKS = YES;
				GCC_OPTIMIZATION_LEVEL = 0;
				GCC_PREPROCESSOR_DEFINITIONS = (
					"DEBUG=1",
					"$(inherited)",
				);
				GCC_SYMBOLS_PRIVATE_EXTERN = NO;
				GCC_WARN_64_TO_32_BIT_CONVERSION = YES;
				GCC_WARN_ABOUT_RETURN_TYPE = YES_ERROR;
				GCC_WARN_UNDECLARED_SELECTOR = YES;
				GCC_WARN_UNINITIALIZED_AUTOS = YES_AGGRESSIVE;
				GCC_WARN_UNUSED_FUNCTION = YES;
				GCC_WARN_UNUSED_VARIABLE = YES;
				IPHONEOS_DEPLOYMENT_TARGET = 8.3;
				MTL_ENABLE_DEBUG_INFO = YES;
				ONLY_ACTIVE_ARCH = YES;
				SDKROOT = iphoneos;
				SWIFT_OPTIMIZATION_LEVEL = "-Onone";
			};
			name = Debug;
		};
		61B798671B00597500ED2887 /* Release */ = {
			isa = XCBuildConfiguration;
			buildSettings = {
				ALWAYS_SEARCH_USER_PATHS = NO;
				CLANG_CXX_LANGUAGE_STANDARD = "gnu++0x";
				CLANG_CXX_LIBRARY = "libc++";
				CLANG_ENABLE_MODULES = YES;
				CLANG_ENABLE_OBJC_ARC = YES;
				CLANG_WARN_BOOL_CONVERSION = YES;
				CLANG_WARN_CONSTANT_CONVERSION = YES;
				CLANG_WARN_DIRECT_OBJC_ISA_USAGE = YES_ERROR;
				CLANG_WARN_EMPTY_BODY = YES;
				CLANG_WARN_ENUM_CONVERSION = YES;
				CLANG_WARN_INT_CONVERSION = YES;
				CLANG_WARN_OBJC_ROOT_CLASS = YES_ERROR;
				CLANG_WARN_UNREACHABLE_CODE = YES;
				CLANG_WARN__DUPLICATE_METHOD_MATCH = YES;
				"CODE_SIGN_IDENTITY[sdk=iphoneos*]" = "iPhone Developer";
				COPY_PHASE_STRIP = NO;
				DEBUG_INFORMATION_FORMAT = "dwarf-with-dsym";
				ENABLE_NS_ASSERTIONS = NO;
				ENABLE_STRICT_OBJC_MSGSEND = YES;
				GCC_C_LANGUAGE_STANDARD = gnu99;
				GCC_NO_COMMON_BLOCKS = YES;
				GCC_WARN_64_TO_32_BIT_CONVERSION = YES;
				GCC_WARN_ABOUT_RETURN_TYPE = YES_ERROR;
				GCC_WARN_UNDECLARED_SELECTOR = YES;
				GCC_WARN_UNINITIALIZED_AUTOS = YES_AGGRESSIVE;
				GCC_WARN_UNUSED_FUNCTION = YES;
				GCC_WARN_UNUSED_VARIABLE = YES;
				IPHONEOS_DEPLOYMENT_TARGET = 8.3;
				MTL_ENABLE_DEBUG_INFO = NO;
				SDKROOT = iphoneos;
				VALIDATE_PRODUCT = YES;
			};
			name = Release;
		};
		61B798691B00597500ED2887 /* Debug */ = {
			isa = XCBuildConfiguration;
			buildSettings = {
				ASSETCATALOG_COMPILER_APPICON_NAME = AppIcon;
				INFOPLIST_FILE = CoreDataDemo/Info.plist;
				LD_RUNPATH_SEARCH_PATHS = "$(inherited) @executable_path/Frameworks";
				PRODUCT_NAME = "$(TARGET_NAME)";
			};
			name = Debug;
		};
		61B7986A1B00597500ED2887 /* Release */ = {
			isa = XCBuildConfiguration;
			buildSettings = {
				ASSETCATALOG_COMPILER_APPICON_NAME = AppIcon;
				INFOPLIST_FILE = CoreDataDemo/Info.plist;
				LD_RUNPATH_SEARCH_PATHS = "$(inherited) @executable_path/Frameworks";
				PRODUCT_NAME = "$(TARGET_NAME)";
			};
			name = Release;
		};
		61B7986C1B00597500ED2887 /* Debug */ = {
			isa = XCBuildConfiguration;
			buildSettings = {
				BUNDLE_LOADER = "$(TEST_HOST)";
				FRAMEWORK_SEARCH_PATHS = (
					"$(SDKROOT)/Developer/Library/Frameworks",
					"$(inherited)",
				);
				GCC_PREPROCESSOR_DEFINITIONS = (
					"DEBUG=1",
					"$(inherited)",
				);
				INFOPLIST_FILE = CoreDataDemoTests/Info.plist;
				LD_RUNPATH_SEARCH_PATHS = "$(inherited) @executable_path/Frameworks @loader_path/Frameworks";
				PRODUCT_NAME = "$(TARGET_NAME)";
				TEST_HOST = "$(BUILT_PRODUCTS_DIR)/CoreDataDemo.app/CoreDataDemo";
			};
			name = Debug;
		};
		61B7986D1B00597500ED2887 /* Release */ = {
			isa = XCBuildConfiguration;
			buildSettings = {
				BUNDLE_LOADER = "$(TEST_HOST)";
				FRAMEWORK_SEARCH_PATHS = (
					"$(SDKROOT)/Developer/Library/Frameworks",
					"$(inherited)",
				);
				INFOPLIST_FILE = CoreDataDemoTests/Info.plist;
				LD_RUNPATH_SEARCH_PATHS = "$(inherited) @executable_path/Frameworks @loader_path/Frameworks";
				PRODUCT_NAME = "$(TARGET_NAME)";
				TEST_HOST = "$(BUILT_PRODUCTS_DIR)/CoreDataDemo.app/CoreDataDemo";
			};
			name = Release;
		};
/* End XCBuildConfiguration section */

/* Begin XCConfigurationList section */
		61B798411B00597500ED2887 /* Build configuration list for PBXProject "CoreDataDemo" */ = {
			isa = XCConfigurationList;
			buildConfigurations = (
				61B798661B00597500ED2887 /* Debug */,
				61B798671B00597500ED2887 /* Release */,
			);
			defaultConfigurationIsVisible = 0;
			defaultConfigurationName = Release;
		};
		61B798681B00597500ED2887 /* Build configuration list for PBXNativeTarget "CoreDataDemo" */ = {
			isa = XCConfigurationList;
			buildConfigurations = (
				61B798691B00597500ED2887 /* Debug */,
				61B7986A1B00597500ED2887 /* Release */,
			);
			defaultConfigurationIsVisible = 0;
		};
		61B7986B1B00597500ED2887 /* Build configuration list for PBXNativeTarget "CoreDataDemoTests" */ = {
			isa = XCConfigurationList;
			buildConfigurations = (
				61B7986C1B00597500ED2887 /* Debug */,
				61B7986D1B00597500ED2887 /* Release */,
			);
			defaultConfigurationIsVisible = 0;
		};
/* End XCConfigurationList section */

/* Begin XCVersionGroup section */
		61B7984D1B00597500ED2887 /* CoreDataDemo.xcdatamodeld */ = {
			isa = XCVersionGroup;
			children = (
				61B7984E1B00597500ED2887 /* CoreDataDemo.xcdatamodel */,
			);
			currentVersion = 61B7984E1B00597500ED2887 /* CoreDataDemo.xcdatamodel */;
			path = CoreDataDemo.xcdatamodeld;
			sourceTree = "<group>";
			versionGroupType = wrapper.xcdatamodel;
		};
/* End XCVersionGroup section */
	};
	rootObject = 61B7983E1B00597500ED2887 /* Project object */;
}
